
Microsoft Visual Studio Solution File, Format Version 11.00
# Visual Studio 2010
# SharpDevelop 4.4
Project("{FD48973F-F585-4F70-812B-4D0503B36CE9}") = "Prog54a cars", "Prog54a cars\Prog54a cars.pyproj", "{3C1A8D26-CBB4-4174-BC5C-7073F92001CB}"
EndProject
Global
	GlobalSection(SolutionConfigurationPlatforms) = preSolution
		Debug|Any CPU = Debug|Any CPU
		Release|Any CPU = Release|Any CPU
	EndGlobalSection
	GlobalSection(ProjectConfigurationPlatforms) = postSolution
		{3C1A8D26-CBB4-4174-BC5C-7073F92001CB}.Debug|Any CPU.Build.0 = Debug|Any CPU
		{3C1A8D26-CBB4-4174-BC5C-7073F92001CB}.Debug|Any CPU.ActiveCfg = Debug|Any CPU
		{3C1A8D26-CBB4-4174-BC5C-7073F92001CB}.Release|Any CPU.Build.0 = Release|Any CPU
		{3C1A8D26-CBB4-4174-BC5C-7073F92001CB}.Release|Any CPU.ActiveCfg = Release|Any CPU
	EndGlobalSection
EndGlobal
