
Microsoft Visual Studio Solution File, Format Version 11.00
# Visual Studio 2010
# SharpDevelop 4.4
Project("{FD48973F-F585-4F70-812B-4D0503B36CE9}") = "SimpleCalc140", "SimpleCalc140\SimpleCalc140.pyproj", "{B98536BF-5697-462B-AC4A-9036928C6C2D}"
EndProject
Global
	GlobalSection(SolutionConfigurationPlatforms) = preSolution
		Debug|Any CPU = Debug|Any CPU
		Release|Any CPU = Release|Any CPU
	EndGlobalSection
	GlobalSection(ProjectConfigurationPlatforms) = postSolution
		{B98536BF-5697-462B-AC4A-9036928C6C2D}.Debug|Any CPU.Build.0 = Debug|Any CPU
		{B98536BF-5697-462B-AC4A-9036928C6C2D}.Debug|Any CPU.ActiveCfg = Debug|Any CPU
		{B98536BF-5697-462B-AC4A-9036928C6C2D}.Release|Any CPU.Build.0 = Release|Any CPU
		{B98536BF-5697-462B-AC4A-9036928C6C2D}.Release|Any CPU.ActiveCfg = Release|Any CPU
	EndGlobalSection
EndGlobal
