
Microsoft Visual Studio Solution File, Format Version 11.00
# Visual Studio 2010
# SharpDevelop 4.4
Project("{FD48973F-F585-4F70-812B-4D0503B36CE9}") = "Prog162h", "Prog162h\Prog162h.pyproj", "{74CF907A-58B6-4E61-AD33-57A7DB624A16}"
EndProject
Global
	GlobalSection(SolutionConfigurationPlatforms) = preSolution
		Debug|Any CPU = Debug|Any CPU
		Release|Any CPU = Release|Any CPU
	EndGlobalSection
	GlobalSection(ProjectConfigurationPlatforms) = postSolution
		{74CF907A-58B6-4E61-AD33-57A7DB624A16}.Debug|Any CPU.Build.0 = Debug|Any CPU
		{74CF907A-58B6-4E61-AD33-57A7DB624A16}.Debug|Any CPU.ActiveCfg = Debug|Any CPU
		{74CF907A-58B6-4E61-AD33-57A7DB624A16}.Release|Any CPU.Build.0 = Release|Any CPU
		{74CF907A-58B6-4E61-AD33-57A7DB624A16}.Release|Any CPU.ActiveCfg = Release|Any CPU
	EndGlobalSection
EndGlobal
