
Microsoft Visual Studio Solution File, Format Version 11.00
# Visual Studio 2010
# SharpDevelop 4.4
Project("{FD48973F-F585-4F70-812B-4D0503B36CE9}") = "change.58t", "change.58t\change.58t.pyproj", "{9BA18DD2-891C-482D-B2B5-A3BCDD2A3101}"
EndProject
Global
	GlobalSection(SolutionConfigurationPlatforms) = preSolution
		Debug|Any CPU = Debug|Any CPU
		Release|Any CPU = Release|Any CPU
	EndGlobalSection
	GlobalSection(ProjectConfigurationPlatforms) = postSolution
		{9BA18DD2-891C-482D-B2B5-A3BCDD2A3101}.Debug|Any CPU.Build.0 = Debug|Any CPU
		{9BA18DD2-891C-482D-B2B5-A3BCDD2A3101}.Debug|Any CPU.ActiveCfg = Debug|Any CPU
		{9BA18DD2-891C-482D-B2B5-A3BCDD2A3101}.Release|Any CPU.Build.0 = Release|Any CPU
		{9BA18DD2-891C-482D-B2B5-A3BCDD2A3101}.Release|Any CPU.ActiveCfg = Release|Any CPU
	EndGlobalSection
EndGlobal
